
Microsoft Visual Studio Solution File, Format Version 11.00
# Visual Studio 2010
Project("{FAE04EC0-301F-11D3-BF4B-00C04F79EFBC}") = "Scada.Server.Web", "Server\Scada.Server.Web\Scada.Server.Web.csproj", "{4CBB890B-1EB6-4274-9F0D-E00124D1329F}"
EndProject
Project("{FAE04EC0-301F-11D3-BF4B-00C04F79EFBC}") = "Scada.Server.Implement", "Server\Scada.Server.Web.Implement\Scada.Server.Implement.csproj", "{23DAB9E2-BEDC-4F26-B281-C8563FBACC0B}"
EndProject
Project("{FAE04EC0-301F-11D3-BF4B-00C04F79EFBC}") = "Scada.Server.Contract", "Server\Scada.Server.Interface\Scada.Server.Contract.csproj", "{9EC65DA4-1B14-45EB-95DE-CE5835F54DAC}"
EndProject
Project("{2150E333-8FDC-42A3-9474-1A3956D46DE8}") = "Server", "Server", "{40BD73DB-C6A2-46D1-B32C-B16CE2D600A8}"
EndProject
Project("{2150E333-8FDC-42A3-9474-1A3956D46DE8}") = "Client", "Client", "{8E9B5C6B-F1D1-48BD-8CBF-5BC2CEBEB10D}"
EndProject
Project("{2150E333-8FDC-42A3-9474-1A3956D46DE8}") = "Business", "Business", "{FA790025-1287-4615-B5CB-AC6E35880D47}"
EndProject
Project("{FAE04EC0-301F-11D3-BF4B-00C04F79EFBC}") = "Scada.Client.Web", "Client\Scada.Client.Web\Scada.Client.Web.csproj", "{81391B9B-3AEC-4D29-9875-00337269EB45}"
EndProject
Project("{FAE04EC0-301F-11D3-BF4B-00C04F79EFBC}") = "Scada.Business.Base", "Business\Scada.Business.Base\Scada.Business.Base.csproj", "{3279DA4E-241C-47DB-941A-4B5991FD7403}"
EndProject
Project("{FAE04EC0-301F-11D3-BF4B-00C04F79EFBC}") = "Scada.Business.Data", "Business\Scada.Business.Data\Scada.Business.Data.csproj", "{64B95719-8C63-41B8-963C-E0E377E95FE8}"
EndProject
Project("{FAE04EC0-301F-11D3-BF4B-00C04F79EFBC}") = "Scada.Business.Common", "Business\Scada.Business.Common\Scada.Business.Common.csproj", "{60615926-F1E9-4877-BD35-1956FFCC6651}"
EndProject
Project("{FAE04EC0-301F-11D3-BF4B-00C04F79EFBC}") = "Scada.Client.UI", "Client\Scada.Client.UI\Scada.Client.UI.csproj", "{BC83E780-5AD4-454C-B54D-CB58A33309F8}"
EndProject
Project("{FAE04EC0-301F-11D3-BF4B-00C04F79EFBC}") = "Scada.Framework.Linq", "Server\Scada.Framework.Linq\Scada.Framework.Linq.csproj", "{4E93FF00-F162-45F7-9FF9-52E1789C1E89}"
EndProject
Project("{2150E333-8FDC-42A3-9474-1A3956D46DE8}") = "DataSource", "DataSource", "{DE6E7691-E251-42AB-8571-A7AE73B1CC2E}"
EndProject
Project("{FAE04EC0-301F-11D3-BF4B-00C04F79EFBC}") = "Scada.Framework.Ado", "Server\Scada.Framework.Ado\Scada.Framework.Ado.csproj", "{71EBDE30-E47E-414C-98AD-90E415A0E58B}"
EndProject
Project("{FAE04EC0-301F-11D3-BF4B-00C04F79EFBC}") = "Scada.Framework.RIA", "Server\Scada.Framework.RIA\Scada.Framework.RIA.csproj", "{EAAA3DB3-0833-42DC-B6B2-17D304672AA8}"
EndProject
Global
	GlobalSection(SolutionConfigurationPlatforms) = preSolution
		Debug|Any CPU = Debug|Any CPU
		Release|Any CPU = Release|Any CPU
	EndGlobalSection
	GlobalSection(ProjectConfigurationPlatforms) = postSolution
		{4CBB890B-1EB6-4274-9F0D-E00124D1329F}.Debug|Any CPU.ActiveCfg = Debug|Any CPU
		{4CBB890B-1EB6-4274-9F0D-E00124D1329F}.Debug|Any CPU.Build.0 = Debug|Any CPU
		{4CBB890B-1EB6-4274-9F0D-E00124D1329F}.Release|Any CPU.ActiveCfg = Release|Any CPU
		{4CBB890B-1EB6-4274-9F0D-E00124D1329F}.Release|Any CPU.Build.0 = Release|Any CPU
		{23DAB9E2-BEDC-4F26-B281-C8563FBACC0B}.Debug|Any CPU.ActiveCfg = Debug|Any CPU
		{23DAB9E2-BEDC-4F26-B281-C8563FBACC0B}.Debug|Any CPU.Build.0 = Debug|Any CPU
		{23DAB9E2-BEDC-4F26-B281-C8563FBACC0B}.Release|Any CPU.ActiveCfg = Release|Any CPU
		{23DAB9E2-BEDC-4F26-B281-C8563FBACC0B}.Release|Any CPU.Build.0 = Release|Any CPU
		{9EC65DA4-1B14-45EB-95DE-CE5835F54DAC}.Debug|Any CPU.ActiveCfg = Debug|Any CPU
		{9EC65DA4-1B14-45EB-95DE-CE5835F54DAC}.Debug|Any CPU.Build.0 = Debug|Any CPU
		{9EC65DA4-1B14-45EB-95DE-CE5835F54DAC}.Release|Any CPU.ActiveCfg = Release|Any CPU
		{9EC65DA4-1B14-45EB-95DE-CE5835F54DAC}.Release|Any CPU.Build.0 = Release|Any CPU
		{81391B9B-3AEC-4D29-9875-00337269EB45}.Debug|Any CPU.ActiveCfg = Debug|Any CPU
		{81391B9B-3AEC-4D29-9875-00337269EB45}.Debug|Any CPU.Build.0 = Debug|Any CPU
		{81391B9B-3AEC-4D29-9875-00337269EB45}.Release|Any CPU.ActiveCfg = Release|Any CPU
		{81391B9B-3AEC-4D29-9875-00337269EB45}.Release|Any CPU.Build.0 = Release|Any CPU
		{3279DA4E-241C-47DB-941A-4B5991FD7403}.Debug|Any CPU.ActiveCfg = Debug|Any CPU
		{3279DA4E-241C-47DB-941A-4B5991FD7403}.Debug|Any CPU.Build.0 = Debug|Any CPU
		{3279DA4E-241C-47DB-941A-4B5991FD7403}.Release|Any CPU.ActiveCfg = Release|Any CPU
		{3279DA4E-241C-47DB-941A-4B5991FD7403}.Release|Any CPU.Build.0 = Release|Any CPU
		{64B95719-8C63-41B8-963C-E0E377E95FE8}.Debug|Any CPU.ActiveCfg = Debug|Any CPU
		{64B95719-8C63-41B8-963C-E0E377E95FE8}.Debug|Any CPU.Build.0 = Debug|Any CPU
		{64B95719-8C63-41B8-963C-E0E377E95FE8}.Release|Any CPU.ActiveCfg = Release|Any CPU
		{64B95719-8C63-41B8-963C-E0E377E95FE8}.Release|Any CPU.Build.0 = Release|Any CPU
		{60615926-F1E9-4877-BD35-1956FFCC6651}.Debug|Any CPU.ActiveCfg = Debug|Any CPU
		{60615926-F1E9-4877-BD35-1956FFCC6651}.Debug|Any CPU.Build.0 = Debug|Any CPU
		{60615926-F1E9-4877-BD35-1956FFCC6651}.Release|Any CPU.ActiveCfg = Release|Any CPU
		{60615926-F1E9-4877-BD35-1956FFCC6651}.Release|Any CPU.Build.0 = Release|Any CPU
		{BC83E780-5AD4-454C-B54D-CB58A33309F8}.Debug|Any CPU.ActiveCfg = Debug|Any CPU
		{BC83E780-5AD4-454C-B54D-CB58A33309F8}.Debug|Any CPU.Build.0 = Debug|Any CPU
		{BC83E780-5AD4-454C-B54D-CB58A33309F8}.Release|Any CPU.ActiveCfg = Release|Any CPU
		{BC83E780-5AD4-454C-B54D-CB58A33309F8}.Release|Any CPU.Build.0 = Release|Any CPU
		{4E93FF00-F162-45F7-9FF9-52E1789C1E89}.Debug|Any CPU.ActiveCfg = Debug|Any CPU
		{4E93FF00-F162-45F7-9FF9-52E1789C1E89}.Debug|Any CPU.Build.0 = Debug|Any CPU
		{4E93FF00-F162-45F7-9FF9-52E1789C1E89}.Release|Any CPU.ActiveCfg = Release|Any CPU
		{4E93FF00-F162-45F7-9FF9-52E1789C1E89}.Release|Any CPU.Build.0 = Release|Any CPU
		{71EBDE30-E47E-414C-98AD-90E415A0E58B}.Debug|Any CPU.ActiveCfg = Debug|Any CPU
		{71EBDE30-E47E-414C-98AD-90E415A0E58B}.Debug|Any CPU.Build.0 = Debug|Any CPU
		{71EBDE30-E47E-414C-98AD-90E415A0E58B}.Release|Any CPU.ActiveCfg = Release|Any CPU
		{71EBDE30-E47E-414C-98AD-90E415A0E58B}.Release|Any CPU.Build.0 = Release|Any CPU
		{EAAA3DB3-0833-42DC-B6B2-17D304672AA8}.Debug|Any CPU.ActiveCfg = Debug|Any CPU
		{EAAA3DB3-0833-42DC-B6B2-17D304672AA8}.Debug|Any CPU.Build.0 = Debug|Any CPU
		{EAAA3DB3-0833-42DC-B6B2-17D304672AA8}.Release|Any CPU.ActiveCfg = Release|Any CPU
		{EAAA3DB3-0833-42DC-B6B2-17D304672AA8}.Release|Any CPU.Build.0 = Release|Any CPU
	EndGlobalSection
	GlobalSection(SolutionProperties) = preSolution
		HideSolutionNode = FALSE
	EndGlobalSection
	GlobalSection(NestedProjects) = preSolution
		{23DAB9E2-BEDC-4F26-B281-C8563FBACC0B} = {40BD73DB-C6A2-46D1-B32C-B16CE2D600A8}
		{9EC65DA4-1B14-45EB-95DE-CE5835F54DAC} = {40BD73DB-C6A2-46D1-B32C-B16CE2D600A8}
		{4CBB890B-1EB6-4274-9F0D-E00124D1329F} = {40BD73DB-C6A2-46D1-B32C-B16CE2D600A8}
		{81391B9B-3AEC-4D29-9875-00337269EB45} = {8E9B5C6B-F1D1-48BD-8CBF-5BC2CEBEB10D}
		{BC83E780-5AD4-454C-B54D-CB58A33309F8} = {8E9B5C6B-F1D1-48BD-8CBF-5BC2CEBEB10D}
		{3279DA4E-241C-47DB-941A-4B5991FD7403} = {FA790025-1287-4615-B5CB-AC6E35880D47}
		{64B95719-8C63-41B8-963C-E0E377E95FE8} = {FA790025-1287-4615-B5CB-AC6E35880D47}
		{60615926-F1E9-4877-BD35-1956FFCC6651} = {FA790025-1287-4615-B5CB-AC6E35880D47}
		{4E93FF00-F162-45F7-9FF9-52E1789C1E89} = {DE6E7691-E251-42AB-8571-A7AE73B1CC2E}
		{71EBDE30-E47E-414C-98AD-90E415A0E58B} = {DE6E7691-E251-42AB-8571-A7AE73B1CC2E}
		{EAAA3DB3-0833-42DC-B6B2-17D304672AA8} = {DE6E7691-E251-42AB-8571-A7AE73B1CC2E}
	EndGlobalSection
EndGlobal
