
Microsoft Visual Studio Solution File, Format Version 11.00
# Visual Studio 2010
Project("{FAE04EC0-301F-11D3-BF4B-00C04F79EFBC}") = "Scada.Client.SL", "Client\Scada.Client.SL\Scada.Client.SL.csproj", "{7E9E4E86-D05C-45BE-ADEF-5DD30E7AD612}"
	ProjectSection(ProjectDependencies) = postProject
		{6AB8F406-73FA-436B-B26F-0455E37AC0E2} = {6AB8F406-73FA-436B-B26F-0455E37AC0E2}
		{6AB8F406-73FA-436B-B26F-0455E37AC0E2} = {6AB8F406-73FA-436B-B26F-0455E37AC0E2}
	EndProjectSection
EndProject
Project("{FAE04EC0-301F-11D3-BF4B-00C04F79EFBC}") = "Scada.Client.UC", "Client\Scada.Client.UC\Scada.Client.UC.csproj", "{CB49D8C3-CC6E-4D73-98BD-272A2D30B3AD}"
EndProject
Project("{2150E333-8FDC-42A3-9474-1A3956D46DE8}") = "Client", "Client", "{EF310439-42C5-4A7A-967C-147C63F838AA}"
EndProject
Project("{FAE04EC0-301F-11D3-BF4B-00C04F79EFBC}") = "Scada.Utility.Common", "Utility\Scada.Utility.Common\Scada.Utility.Common.csproj", "{FF2691F8-CBCF-4615-9232-9A4495CE4E5D}"
EndProject
Project("{2150E333-8FDC-42A3-9474-1A3956D46DE8}") = "Utility", "Utility", "{0A29D8A5-12C6-4338-A2C9-E4D0F3F9048E}"
EndProject
Project("{FAE04EC0-301F-11D3-BF4B-00C04F79EFBC}") = "Scada.BLL.Contract", "BLL\Scada.BLL.Contract\Scada.BLL.Contract.csproj", "{66331325-1F42-4C9E-9FA6-E0B7EA8D7B92}"
EndProject
Project("{FAE04EC0-301F-11D3-BF4B-00C04F79EFBC}") = "Scada.BLL.Implement", "BLL\Scada.BLL.Implement\Scada.BLL.Implement.csproj", "{4F4EFB80-8D5F-48F7-A035-113920B865C9}"
EndProject
Project("{2150E333-8FDC-42A3-9474-1A3956D46DE8}") = "BLL", "BLL", "{7D161ECC-A2AF-44DA-8D8B-04C3FCCF2E69}"
EndProject
Project("{FAE04EC0-301F-11D3-BF4B-00C04F79EFBC}") = "Scada.DAL.Ado", "DAL\Scada.DAL.Ado\Scada.DAL.Ado.csproj", "{E561BA4F-1A8E-485A-88B2-D35D0CAF5638}"
EndProject
Project("{2150E333-8FDC-42A3-9474-1A3956D46DE8}") = "DAL", "DAL", "{DD81987C-7374-4EF8-A146-3695F541BE03}"
EndProject
Project("{FAE04EC0-301F-11D3-BF4B-00C04F79EFBC}") = "Scada.Model.Entity", "Model\Scada.Model.Entity\Scada.Model.Entity.csproj", "{185CF734-5C46-4496-A65C-1210607D53F4}"
EndProject
Project("{2150E333-8FDC-42A3-9474-1A3956D46DE8}") = "Model", "Model", "{9B51A865-DEAB-4987-8A59-75469D23ACD4}"
EndProject
Project("{FAE04EC0-301F-11D3-BF4B-00C04F79EFBC}") = "Scada.Client.Web", "Client\Scada.Client.Web\Scada.Client.Web.csproj", "{6AB8F406-73FA-436B-B26F-0455E37AC0E2}"
EndProject
Project("{FAE04EC0-301F-11D3-BF4B-00C04F79EFBC}") = "Scada.Model.Entity.SL", "Model\Scada.Model.Entity\Scada.Model.Entity.SL.csproj", "{66B7D2F9-31D1-4C6A-A1DC-C5523A8CF27D}"
EndProject
Project("{FAE04EC0-301F-11D3-BF4B-00C04F79EFBC}") = "Scada.Client.VM", "Client\Scada.Client.VM\Scada.Client.VM.csproj", "{4C77E612-3996-4205-93AF-AC4C143F2173}"
	ProjectSection(ProjectDependencies) = postProject
		{6AB8F406-73FA-436B-B26F-0455E37AC0E2} = {6AB8F406-73FA-436B-B26F-0455E37AC0E2}
	EndProjectSection
EndProject
Project("{FAE04EC0-301F-11D3-BF4B-00C04F79EFBC}") = "Scada.Utility.Common.SL", "Utility\Scada.Utility.Common.SL\Scada.Utility.Common.SL.csproj", "{5A5A12C8-9B18-4B86-A5B2-CCA2AC85EE81}"
EndProject
Project("{FAE04EC0-301F-11D3-BF4B-00C04F79EFBC}") = "Scada.DAL.Linq", "DAL\Scada.DAL.Linq\Scada.DAL.Linq.csproj", "{ED65D1D1-1FB9-4EF2-BEA0-D28F87A771D7}"
EndProject
Global
	GlobalSection(SolutionConfigurationPlatforms) = preSolution
		Debug|Any CPU = Debug|Any CPU
		Release|Any CPU = Release|Any CPU
	EndGlobalSection
	GlobalSection(ProjectConfigurationPlatforms) = postSolution
		{7E9E4E86-D05C-45BE-ADEF-5DD30E7AD612}.Debug|Any CPU.ActiveCfg = Debug|Any CPU
		{7E9E4E86-D05C-45BE-ADEF-5DD30E7AD612}.Debug|Any CPU.Build.0 = Debug|Any CPU
		{7E9E4E86-D05C-45BE-ADEF-5DD30E7AD612}.Release|Any CPU.ActiveCfg = Release|Any CPU
		{7E9E4E86-D05C-45BE-ADEF-5DD30E7AD612}.Release|Any CPU.Build.0 = Release|Any CPU
		{CB49D8C3-CC6E-4D73-98BD-272A2D30B3AD}.Debug|Any CPU.ActiveCfg = Debug|Any CPU
		{CB49D8C3-CC6E-4D73-98BD-272A2D30B3AD}.Debug|Any CPU.Build.0 = Debug|Any CPU
		{CB49D8C3-CC6E-4D73-98BD-272A2D30B3AD}.Release|Any CPU.ActiveCfg = Release|Any CPU
		{CB49D8C3-CC6E-4D73-98BD-272A2D30B3AD}.Release|Any CPU.Build.0 = Release|Any CPU
		{FF2691F8-CBCF-4615-9232-9A4495CE4E5D}.Debug|Any CPU.ActiveCfg = Debug|Any CPU
		{FF2691F8-CBCF-4615-9232-9A4495CE4E5D}.Debug|Any CPU.Build.0 = Debug|Any CPU
		{FF2691F8-CBCF-4615-9232-9A4495CE4E5D}.Release|Any CPU.ActiveCfg = Release|Any CPU
		{FF2691F8-CBCF-4615-9232-9A4495CE4E5D}.Release|Any CPU.Build.0 = Release|Any CPU
		{66331325-1F42-4C9E-9FA6-E0B7EA8D7B92}.Debug|Any CPU.ActiveCfg = Debug|Any CPU
		{66331325-1F42-4C9E-9FA6-E0B7EA8D7B92}.Debug|Any CPU.Build.0 = Debug|Any CPU
		{66331325-1F42-4C9E-9FA6-E0B7EA8D7B92}.Release|Any CPU.ActiveCfg = Release|Any CPU
		{66331325-1F42-4C9E-9FA6-E0B7EA8D7B92}.Release|Any CPU.Build.0 = Release|Any CPU
		{4F4EFB80-8D5F-48F7-A035-113920B865C9}.Debug|Any CPU.ActiveCfg = Debug|Any CPU
		{4F4EFB80-8D5F-48F7-A035-113920B865C9}.Debug|Any CPU.Build.0 = Debug|Any CPU
		{4F4EFB80-8D5F-48F7-A035-113920B865C9}.Release|Any CPU.ActiveCfg = Release|Any CPU
		{4F4EFB80-8D5F-48F7-A035-113920B865C9}.Release|Any CPU.Build.0 = Release|Any CPU
		{E561BA4F-1A8E-485A-88B2-D35D0CAF5638}.Debug|Any CPU.ActiveCfg = Debug|Any CPU
		{E561BA4F-1A8E-485A-88B2-D35D0CAF5638}.Debug|Any CPU.Build.0 = Debug|Any CPU
		{E561BA4F-1A8E-485A-88B2-D35D0CAF5638}.Release|Any CPU.ActiveCfg = Release|Any CPU
		{E561BA4F-1A8E-485A-88B2-D35D0CAF5638}.Release|Any CPU.Build.0 = Release|Any CPU
		{185CF734-5C46-4496-A65C-1210607D53F4}.Debug|Any CPU.ActiveCfg = Debug|Any CPU
		{185CF734-5C46-4496-A65C-1210607D53F4}.Debug|Any CPU.Build.0 = Debug|Any CPU
		{185CF734-5C46-4496-A65C-1210607D53F4}.Release|Any CPU.ActiveCfg = Release|Any CPU
		{185CF734-5C46-4496-A65C-1210607D53F4}.Release|Any CPU.Build.0 = Release|Any CPU
		{6AB8F406-73FA-436B-B26F-0455E37AC0E2}.Debug|Any CPU.ActiveCfg = Debug|Any CPU
		{6AB8F406-73FA-436B-B26F-0455E37AC0E2}.Debug|Any CPU.Build.0 = Debug|Any CPU
		{6AB8F406-73FA-436B-B26F-0455E37AC0E2}.Release|Any CPU.ActiveCfg = Release|Any CPU
		{6AB8F406-73FA-436B-B26F-0455E37AC0E2}.Release|Any CPU.Build.0 = Release|Any CPU
		{66B7D2F9-31D1-4C6A-A1DC-C5523A8CF27D}.Debug|Any CPU.ActiveCfg = Debug|Any CPU
		{66B7D2F9-31D1-4C6A-A1DC-C5523A8CF27D}.Debug|Any CPU.Build.0 = Debug|Any CPU
		{66B7D2F9-31D1-4C6A-A1DC-C5523A8CF27D}.Release|Any CPU.ActiveCfg = Release|Any CPU
		{66B7D2F9-31D1-4C6A-A1DC-C5523A8CF27D}.Release|Any CPU.Build.0 = Release|Any CPU
		{4C77E612-3996-4205-93AF-AC4C143F2173}.Debug|Any CPU.ActiveCfg = Debug|Any CPU
		{4C77E612-3996-4205-93AF-AC4C143F2173}.Debug|Any CPU.Build.0 = Debug|Any CPU
		{4C77E612-3996-4205-93AF-AC4C143F2173}.Release|Any CPU.ActiveCfg = Release|Any CPU
		{4C77E612-3996-4205-93AF-AC4C143F2173}.Release|Any CPU.Build.0 = Release|Any CPU
		{5A5A12C8-9B18-4B86-A5B2-CCA2AC85EE81}.Debug|Any CPU.ActiveCfg = Debug|Any CPU
		{5A5A12C8-9B18-4B86-A5B2-CCA2AC85EE81}.Debug|Any CPU.Build.0 = Debug|Any CPU
		{5A5A12C8-9B18-4B86-A5B2-CCA2AC85EE81}.Release|Any CPU.ActiveCfg = Release|Any CPU
		{5A5A12C8-9B18-4B86-A5B2-CCA2AC85EE81}.Release|Any CPU.Build.0 = Release|Any CPU
		{ED65D1D1-1FB9-4EF2-BEA0-D28F87A771D7}.Debug|Any CPU.ActiveCfg = Debug|Any CPU
		{ED65D1D1-1FB9-4EF2-BEA0-D28F87A771D7}.Debug|Any CPU.Build.0 = Debug|Any CPU
		{ED65D1D1-1FB9-4EF2-BEA0-D28F87A771D7}.Release|Any CPU.ActiveCfg = Release|Any CPU
		{ED65D1D1-1FB9-4EF2-BEA0-D28F87A771D7}.Release|Any CPU.Build.0 = Release|Any CPU
	EndGlobalSection
	GlobalSection(SolutionProperties) = preSolution
		HideSolutionNode = FALSE
	EndGlobalSection
	GlobalSection(NestedProjects) = preSolution
		{CB49D8C3-CC6E-4D73-98BD-272A2D30B3AD} = {EF310439-42C5-4A7A-967C-147C63F838AA}
		{7E9E4E86-D05C-45BE-ADEF-5DD30E7AD612} = {EF310439-42C5-4A7A-967C-147C63F838AA}
		{6AB8F406-73FA-436B-B26F-0455E37AC0E2} = {EF310439-42C5-4A7A-967C-147C63F838AA}
		{4C77E612-3996-4205-93AF-AC4C143F2173} = {EF310439-42C5-4A7A-967C-147C63F838AA}
		{FF2691F8-CBCF-4615-9232-9A4495CE4E5D} = {0A29D8A5-12C6-4338-A2C9-E4D0F3F9048E}
		{5A5A12C8-9B18-4B86-A5B2-CCA2AC85EE81} = {0A29D8A5-12C6-4338-A2C9-E4D0F3F9048E}
		{4F4EFB80-8D5F-48F7-A035-113920B865C9} = {7D161ECC-A2AF-44DA-8D8B-04C3FCCF2E69}
		{66331325-1F42-4C9E-9FA6-E0B7EA8D7B92} = {7D161ECC-A2AF-44DA-8D8B-04C3FCCF2E69}
		{E561BA4F-1A8E-485A-88B2-D35D0CAF5638} = {DD81987C-7374-4EF8-A146-3695F541BE03}
		{ED65D1D1-1FB9-4EF2-BEA0-D28F87A771D7} = {DD81987C-7374-4EF8-A146-3695F541BE03}
		{185CF734-5C46-4496-A65C-1210607D53F4} = {9B51A865-DEAB-4987-8A59-75469D23ACD4}
		{66B7D2F9-31D1-4C6A-A1DC-C5523A8CF27D} = {9B51A865-DEAB-4987-8A59-75469D23ACD4}
	EndGlobalSection
EndGlobal
